
Microsoft Visual Studio Solution File, Format Version 12.00
Project("{FAE04EC0-301F-11D3-BF4B-00C04F79EFBC}") = "KernX.EventBus", "KernX.EventBus\KernX.EventBus.csproj", "{5F790D26-A5A7-4C77-A33C-86FEF14841BE}"
EndProject
Project("{FAE04EC0-301F-11D3-BF4B-00C04F79EFBC}") = "KernX.EventBus.RabbitMQ", "KernX.EventBus.RabbitMQ\KernX.EventBus.RabbitMQ.csproj", "{7F49D462-6524-4FB5-A8EE-D8DEF5C9052C}"
EndProject
Project("{2150E333-8FDC-42A3-9474-1A3956D46DE8}") = "EventBus", "EventBus", "{79E15ABC-3E94-49E5-A5E5-18DCCC22CD58}"
EndProject
Project("{2150E333-8FDC-42A3-9474-1A3956D46DE8}") = "Logger", "Logger", "{BFE1F08F-E4B9-4498-855E-2A3B0336B316}"
EndProject
Project("{2150E333-8FDC-42A3-9474-1A3956D46DE8}") = "CQRS", "CQRS", "{6FC774B3-93B7-48D1-AC9B-592395338085}"
EndProject
Project("{2150E333-8FDC-42A3-9474-1A3956D46DE8}") = "DAL", "DAL", "{69CA3504-76B4-46AD-9CA3-DF4D318FE2D8}"
EndProject
Project("{2150E333-8FDC-42A3-9474-1A3956D46DE8}") = "Search", "Search", "{99F2CE3D-5389-4364-B7C8-2D597CB1981A}"
EndProject
Project("{2150E333-8FDC-42A3-9474-1A3956D46DE8}") = "Network", "Network", "{6B755D48-76FD-4F4A-ACC9-5CFCE4702468}"
EndProject
Project("{2150E333-8FDC-42A3-9474-1A3956D46DE8}") = "Metrics", "Metrics", "{D5434CDA-5672-42B1-823B-873DF6D4417B}"
EndProject
Project("{2150E333-8FDC-42A3-9474-1A3956D46DE8}") = "Security", "Security", "{42463F8B-BBBD-4674-A920-26D3C80B5D17}"
EndProject
Project("{2150E333-8FDC-42A3-9474-1A3956D46DE8}") = "Sandbox", "Sandbox", "{D9CF9133-D061-4B02-AB1F-737BC781B031}"
EndProject
Project("{FAE04EC0-301F-11D3-BF4B-00C04F79EFBC}") = "KernX.Sandbox", "KernX.Sandbox\KernX.Sandbox.csproj", "{25272646-3DE9-4D25-A174-105D18FCF321}"
EndProject
Project("{FAE04EC0-301F-11D3-BF4B-00C04F79EFBC}") = "KernX.DAL", "KernX.DAL\KernX.DAL.csproj", "{E71FF400-F424-4693-A3EF-91D2173BEA22}"
EndProject
Global
	GlobalSection(SolutionConfigurationPlatforms) = preSolution
		Debug|Any CPU = Debug|Any CPU
		Release|Any CPU = Release|Any CPU
	EndGlobalSection
	GlobalSection(ProjectConfigurationPlatforms) = postSolution
		{5F790D26-A5A7-4C77-A33C-86FEF14841BE}.Debug|Any CPU.ActiveCfg = Debug|Any CPU
		{5F790D26-A5A7-4C77-A33C-86FEF14841BE}.Debug|Any CPU.Build.0 = Debug|Any CPU
		{5F790D26-A5A7-4C77-A33C-86FEF14841BE}.Release|Any CPU.ActiveCfg = Release|Any CPU
		{5F790D26-A5A7-4C77-A33C-86FEF14841BE}.Release|Any CPU.Build.0 = Release|Any CPU
		{7F49D462-6524-4FB5-A8EE-D8DEF5C9052C}.Debug|Any CPU.ActiveCfg = Debug|Any CPU
		{7F49D462-6524-4FB5-A8EE-D8DEF5C9052C}.Debug|Any CPU.Build.0 = Debug|Any CPU
		{7F49D462-6524-4FB5-A8EE-D8DEF5C9052C}.Release|Any CPU.ActiveCfg = Release|Any CPU
		{7F49D462-6524-4FB5-A8EE-D8DEF5C9052C}.Release|Any CPU.Build.0 = Release|Any CPU
		{25272646-3DE9-4D25-A174-105D18FCF321}.Debug|Any CPU.ActiveCfg = Debug|Any CPU
		{25272646-3DE9-4D25-A174-105D18FCF321}.Debug|Any CPU.Build.0 = Debug|Any CPU
		{25272646-3DE9-4D25-A174-105D18FCF321}.Release|Any CPU.ActiveCfg = Release|Any CPU
		{25272646-3DE9-4D25-A174-105D18FCF321}.Release|Any CPU.Build.0 = Release|Any CPU
		{E71FF400-F424-4693-A3EF-91D2173BEA22}.Debug|Any CPU.ActiveCfg = Debug|Any CPU
		{E71FF400-F424-4693-A3EF-91D2173BEA22}.Debug|Any CPU.Build.0 = Debug|Any CPU
		{E71FF400-F424-4693-A3EF-91D2173BEA22}.Release|Any CPU.ActiveCfg = Release|Any CPU
		{E71FF400-F424-4693-A3EF-91D2173BEA22}.Release|Any CPU.Build.0 = Release|Any CPU
	EndGlobalSection
	GlobalSection(NestedProjects) = preSolution
		{5F790D26-A5A7-4C77-A33C-86FEF14841BE} = {79E15ABC-3E94-49E5-A5E5-18DCCC22CD58}
		{7F49D462-6524-4FB5-A8EE-D8DEF5C9052C} = {79E15ABC-3E94-49E5-A5E5-18DCCC22CD58}
		{25272646-3DE9-4D25-A174-105D18FCF321} = {D9CF9133-D061-4B02-AB1F-737BC781B031}
		{E71FF400-F424-4693-A3EF-91D2173BEA22} = {69CA3504-76B4-46AD-9CA3-DF4D318FE2D8}
	EndGlobalSection
EndGlobal
